// !$*UTF8*$!
{
	archiveVersion = 1;
	classes = {
	};
	objectVersion = 51;
	objects = {

/* Begin PBXBuildFile section */
		1CABBB8FA72AF6B0E56BEBC7 /* Pods_TwitterTutorial.framework in Frameworks */ = {isa = PBXBuildFile; fileRef = E75CA1FD5B5A99E2F454D87E /* Pods_TwitterTutorial.framework */; };
		4E4921BF74E87E37BD0DCDBF /* Pods_TwitterTutorialTests.framework in Frameworks */ = {isa = PBXBuildFile; fileRef = 79572733421D052D13B9AE6D /* Pods_TwitterTutorialTests.framework */; };
		E2059AD224410C6800795368 /* Utilities.swift in Sources */ = {isa = PBXBuildFile; fileRef = E2059AD124410C6800795368 /* Utilities.swift */; };
		E2079EC624409E6500C4CC7D /* AppDelegate.swift in Sources */ = {isa = PBXBuildFile; fileRef = E2079EC524409E6500C4CC7D /* AppDelegate.swift */; };
		E2079EC824409E6500C4CC7D /* SceneDelegate.swift in Sources */ = {isa = PBXBuildFile; fileRef = E2079EC724409E6500C4CC7D /* SceneDelegate.swift */; };
		E2079ECD24409E6500C4CC7D /* Main.storyboard in Resources */ = {isa = PBXBuildFile; fileRef = E2079ECB24409E6500C4CC7D /* Main.storyboard */; };
		E2079ECF24409E6600C4CC7D /* Assets.xcassets in Resources */ = {isa = PBXBuildFile; fileRef = E2079ECE24409E6600C4CC7D /* Assets.xcassets */; };
		E2079ED224409E6600C4CC7D /* LaunchScreen.storyboard in Resources */ = {isa = PBXBuildFile; fileRef = E2079ED024409E6600C4CC7D /* LaunchScreen.storyboard */; };
		E2079EDD24409E6700C4CC7D /* TwitterTutorialTests.swift in Sources */ = {isa = PBXBuildFile; fileRef = E2079EDC24409E6700C4CC7D /* TwitterTutorialTests.swift */; };
		E2079EEE2440A00C00C4CC7D /* MainTabController.swift in Sources */ = {isa = PBXBuildFile; fileRef = E2079EED2440A00C00C4CC7D /* MainTabController.swift */; };
		E2079EF02440A3BF00C4CC7D /* FeedController.swift in Sources */ = {isa = PBXBuildFile; fileRef = E2079EEF2440A3BF00C4CC7D /* FeedController.swift */; };
		E2079EF22440A3CF00C4CC7D /* ExploreController.swift in Sources */ = {isa = PBXBuildFile; fileRef = E2079EF12440A3CF00C4CC7D /* ExploreController.swift */; };
		E2079EF42440A3DE00C4CC7D /* NotificationsController.swift in Sources */ = {isa = PBXBuildFile; fileRef = E2079EF32440A3DE00C4CC7D /* NotificationsController.swift */; };
		E2079EF62440A3ED00C4CC7D /* ConversationsController.swift in Sources */ = {isa = PBXBuildFile; fileRef = E2079EF52440A3ED00C4CC7D /* ConversationsController.swift */; };
		E2079EF82440B03900C4CC7D /* Extensions.swift in Sources */ = {isa = PBXBuildFile; fileRef = E2079EF72440B03900C4CC7D /* Extensions.swift */; };
		E2079EFC2440B51A00C4CC7D /* LoginController.swift in Sources */ = {isa = PBXBuildFile; fileRef = E2079EFB2440B51A00C4CC7D /* LoginController.swift */; };
		E2079EFE2440B52700C4CC7D /* RegistrationController.swift in Sources */ = {isa = PBXBuildFile; fileRef = E2079EFD2440B52700C4CC7D /* RegistrationController.swift */; };
		E22A145F244841D6000A7779 /* TweetController.swift in Sources */ = {isa = PBXBuildFile; fileRef = E22A145E244841D6000A7779 /* TweetController.swift */; };
		E22A14612448438A000A7779 /* TweetHeader.swift in Sources */ = {isa = PBXBuildFile; fileRef = E22A14602448438A000A7779 /* TweetHeader.swift */; };
		E236CF092448EB1900F7C5D7 /* UploadTweetViewModel.swift in Sources */ = {isa = PBXBuildFile; fileRef = E236CF082448EB1900F7C5D7 /* UploadTweetViewModel.swift */; };
		E236CF0B2448F9DE00F7C5D7 /* ActionSheetLauncher.swift in Sources */ = {isa = PBXBuildFile; fileRef = E236CF0A2448F9DE00F7C5D7 /* ActionSheetLauncher.swift */; };
		E240EB372445F2F400BC0AC3 /* UserCell.swift in Sources */ = {isa = PBXBuildFile; fileRef = E240EB362445F2F400BC0AC3 /* UserCell.swift */; };
		E24EAF452445075300226159 /* ProfileFilterView.swift in Sources */ = {isa = PBXBuildFile; fileRef = E24EAF442445075300226159 /* ProfileFilterView.swift */; };
		E24EAF472445091E00226159 /* ProfileFilterCell.swift in Sources */ = {isa = PBXBuildFile; fileRef = E24EAF462445091E00226159 /* ProfileFilterCell.swift */; };
		E24EAF492445143400226159 /* ProfileHeaderViewModel.swift in Sources */ = {isa = PBXBuildFile; fileRef = E24EAF482445143400226159 /* ProfileHeaderViewModel.swift */; };
		E25BED97244B95B000AB85B1 /* ActionSheetCell.swift in Sources */ = {isa = PBXBuildFile; fileRef = E25BED96244B95B000AB85B1 /* ActionSheetCell.swift */; };
		E26D359724425AF900F5CCF3 /* Constants.swift in Sources */ = {isa = PBXBuildFile; fileRef = E26D359624425AF900F5CCF3 /* Constants.swift */; };
		E26D35992442619900F5CCF3 /* GoogleService-Info.plist in Resources */ = {isa = PBXBuildFile; fileRef = E26D35982442619900F5CCF3 /* GoogleService-Info.plist */; };
		E26D359B244263B100F5CCF3 /* AuthService.swift in Sources */ = {isa = PBXBuildFile; fileRef = E26D359A244263B100F5CCF3 /* AuthService.swift */; };
		E26D359D244273E700F5CCF3 /* UserService.swift in Sources */ = {isa = PBXBuildFile; fileRef = E26D359C244273E700F5CCF3 /* UserService.swift */; };
		E26D359F2442771D00F5CCF3 /* User.swift in Sources */ = {isa = PBXBuildFile; fileRef = E26D359E2442771D00F5CCF3 /* User.swift */; };
		E2BCBF662444498C006C3CA9 /* UploadTweetController.swift in Sources */ = {isa = PBXBuildFile; fileRef = E2BCBF652444498C006C3CA9 /* UploadTweetController.swift */; };
		E2BCBF6824445166006C3CA9 /* CaptionTextView.swift in Sources */ = {isa = PBXBuildFile; fileRef = E2BCBF6724445166006C3CA9 /* CaptionTextView.swift */; };
		E2BCBF6A244455BA006C3CA9 /* TweetService.swift in Sources */ = {isa = PBXBuildFile; fileRef = E2BCBF69244455BA006C3CA9 /* TweetService.swift */; };
		E2BCBF6C24446602006C3CA9 /* Tweet.swift in Sources */ = {isa = PBXBuildFile; fileRef = E2BCBF6B24446602006C3CA9 /* Tweet.swift */; };
		E2BCBF6E24446BCA006C3CA9 /* TweetCell.swift in Sources */ = {isa = PBXBuildFile; fileRef = E2BCBF6D24446BCA006C3CA9 /* TweetCell.swift */; };
		E2BCBF702444986B006C3CA9 /* TweetViewModel.swift in Sources */ = {isa = PBXBuildFile; fileRef = E2BCBF6F2444986B006C3CA9 /* TweetViewModel.swift */; };
		E2BCBF722444A029006C3CA9 /* ProfileController.swift in Sources */ = {isa = PBXBuildFile; fileRef = E2BCBF712444A029006C3CA9 /* ProfileController.swift */; };
		E2BCBF742444A5CD006C3CA9 /* ProfileHeader.swift in Sources */ = {isa = PBXBuildFile; fileRef = E2BCBF732444A5CD006C3CA9 /* ProfileHeader.swift */; };
/* End PBXBuildFile section */

/* Begin PBXContainerItemProxy section */
		E2079ED924409E6700C4CC7D /* PBXContainerItemProxy */ = {
			isa = PBXContainerItemProxy;
			containerPortal = E2079EBA24409E6500C4CC7D /* Project object */;
			proxyType = 1;
			remoteGlobalIDString = E2079EC124409E6500C4CC7D;
			remoteInfo = TwitterTutorial;
		};
/* End PBXContainerItemProxy section */

/* Begin PBXFileReference section */
		570E9DE47ED0EFB83D838048 /* Pods-TwitterTutorial.release.xcconfig */ = {isa = PBXFileReference; includeInIndex = 1; lastKnownFileType = text.xcconfig; name = "Pods-TwitterTutorial.release.xcconfig"; path = "Target Support Files/Pods-TwitterTutorial/Pods-TwitterTutorial.release.xcconfig"; sourceTree = "<group>"; };
		79572733421D052D13B9AE6D /* Pods_TwitterTutorialTests.framework */ = {isa = PBXFileReference; explicitFileType = wrapper.framework; includeInIndex = 0; path = Pods_TwitterTutorialTests.framework; sourceTree = BUILT_PRODUCTS_DIR; };
		BBF5EA223594AAC49E756262 /* Pods-TwitterTutorialTests.release.xcconfig */ = {isa = PBXFileReference; includeInIndex = 1; lastKnownFileType = text.xcconfig; name = "Pods-TwitterTutorialTests.release.xcconfig"; path = "Target Support Files/Pods-TwitterTutorialTests/Pods-TwitterTutorialTests.release.xcconfig"; sourceTree = "<group>"; };
		D7B97C4287071FDEFAF1E1AF /* Pods-TwitterTutorial.debug.xcconfig */ = {isa = PBXFileReference; includeInIndex = 1; lastKnownFileType = text.xcconfig; name = "Pods-TwitterTutorial.debug.xcconfig"; path = "Target Support Files/Pods-TwitterTutorial/Pods-TwitterTutorial.debug.xcconfig"; sourceTree = "<group>"; };
		E2059AD124410C6800795368 /* Utilities.swift */ = {isa = PBXFileReference; lastKnownFileType = sourcecode.swift; path = Utilities.swift; sourceTree = "<group>"; };
		E2079EC224409E6500C4CC7D /* TwitterTutorial.app */ = {isa = PBXFileReference; explicitFileType = wrapper.application; includeInIndex = 0; path = TwitterTutorial.app; sourceTree = BUILT_PRODUCTS_DIR; };
		E2079EC524409E6500C4CC7D /* AppDelegate.swift */ = {isa = PBXFileReference; lastKnownFileType = sourcecode.swift; path = AppDelegate.swift; sourceTree = "<group>"; };
		E2079EC724409E6500C4CC7D /* SceneDelegate.swift */ = {isa = PBXFileReference; lastKnownFileType = sourcecode.swift; path = SceneDelegate.swift; sourceTree = "<group>"; };
		E2079ECC24409E6500C4CC7D /* Base */ = {isa = PBXFileReference; lastKnownFileType = file.storyboard; name = Base; path = Base.lproj/Main.storyboard; sourceTree = "<group>"; };
		E2079ECE24409E6600C4CC7D /* Assets.xcassets */ = {isa = PBXFileReference; lastKnownFileType = folder.assetcatalog; path = Assets.xcassets; sourceTree = "<group>"; };
		E2079ED124409E6600C4CC7D /* Base */ = {isa = PBXFileReference; lastKnownFileType = file.storyboard; name = Base; path = Base.lproj/LaunchScreen.storyboard; sourceTree = "<group>"; };
		E2079ED324409E6600C4CC7D /* Info.plist */ = {isa = PBXFileReference; lastKnownFileType = text.plist.xml; path = Info.plist; sourceTree = "<group>"; };
		E2079ED824409E6700C4CC7D /* TwitterTutorialTests.xctest */ = {isa = PBXFileReference; explicitFileType = wrapper.cfbundle; includeInIndex = 0; path = TwitterTutorialTests.xctest; sourceTree = BUILT_PRODUCTS_DIR; };
		E2079EDC24409E6700C4CC7D /* TwitterTutorialTests.swift */ = {isa = PBXFileReference; lastKnownFileType = sourcecode.swift; path = TwitterTutorialTests.swift; sourceTree = "<group>"; };
		E2079EDE24409E6700C4CC7D /* Info.plist */ = {isa = PBXFileReference; lastKnownFileType = text.plist.xml; path = Info.plist; sourceTree = "<group>"; };
		E2079EED2440A00C00C4CC7D /* MainTabController.swift */ = {isa = PBXFileReference; lastKnownFileType = sourcecode.swift; path = MainTabController.swift; sourceTree = "<group>"; };
		E2079EEF2440A3BF00C4CC7D /* FeedController.swift */ = {isa = PBXFileReference; lastKnownFileType = sourcecode.swift; path = FeedController.swift; sourceTree = "<group>"; };
		E2079EF12440A3CF00C4CC7D /* ExploreController.swift */ = {isa = PBXFileReference; lastKnownFileType = sourcecode.swift; path = ExploreController.swift; sourceTree = "<group>"; };
		E2079EF32440A3DE00C4CC7D /* NotificationsController.swift */ = {isa = PBXFileReference; lastKnownFileType = sourcecode.swift; path = NotificationsController.swift; sourceTree = "<group>"; };
		E2079EF52440A3ED00C4CC7D /* ConversationsController.swift */ = {isa = PBXFileReference; lastKnownFileType = sourcecode.swift; path = ConversationsController.swift; sourceTree = "<group>"; };
		E2079EF72440B03900C4CC7D /* Extensions.swift */ = {isa = PBXFileReference; lastKnownFileType = sourcecode.swift; path = Extensions.swift; sourceTree = "<group>"; };
		E2079EFB2440B51A00C4CC7D /* LoginController.swift */ = {isa = PBXFileReference; lastKnownFileType = sourcecode.swift; path = LoginController.swift; sourceTree = "<group>"; };
		E2079EFD2440B52700C4CC7D /* RegistrationController.swift */ = {isa = PBXFileReference; lastKnownFileType = sourcecode.swift; path = RegistrationController.swift; sourceTree = "<group>"; };
		E22A145E244841D6000A7779 /* TweetController.swift */ = {isa = PBXFileReference; lastKnownFileType = sourcecode.swift; path = TweetController.swift; sourceTree = "<group>"; };
		E22A14602448438A000A7779 /* TweetHeader.swift */ = {isa = PBXFileReference; lastKnownFileType = sourcecode.swift; path = TweetHeader.swift; sourceTree = "<group>"; };
		E236CF082448EB1900F7C5D7 /* UploadTweetViewModel.swift */ = {isa = PBXFileReference; lastKnownFileType = sourcecode.swift; path = UploadTweetViewModel.swift; sourceTree = "<group>"; };
		E236CF0A2448F9DE00F7C5D7 /* ActionSheetLauncher.swift */ = {isa = PBXFileReference; lastKnownFileType = sourcecode.swift; path = ActionSheetLauncher.swift; sourceTree = "<group>"; };
		E240EB362445F2F400BC0AC3 /* UserCell.swift */ = {isa = PBXFileReference; lastKnownFileType = sourcecode.swift; path = UserCell.swift; sourceTree = "<group>"; };
		E24EAF442445075300226159 /* ProfileFilterView.swift */ = {isa = PBXFileReference; lastKnownFileType = sourcecode.swift; path = ProfileFilterView.swift; sourceTree = "<group>"; };
		E24EAF462445091E00226159 /* ProfileFilterCell.swift */ = {isa = PBXFileReference; lastKnownFileType = sourcecode.swift; path = ProfileFilterCell.swift; sourceTree = "<group>"; };
		E24EAF482445143400226159 /* ProfileHeaderViewModel.swift */ = {isa = PBXFileReference; lastKnownFileType = sourcecode.swift; path = ProfileHeaderViewModel.swift; sourceTree = "<group>"; };
		E25BED96244B95B000AB85B1 /* ActionSheetCell.swift */ = {isa = PBXFileReference; lastKnownFileType = sourcecode.swift; path = ActionSheetCell.swift; sourceTree = "<group>"; };
		E26D359624425AF900F5CCF3 /* Constants.swift */ = {isa = PBXFileReference; lastKnownFileType = sourcecode.swift; path = Constants.swift; sourceTree = "<group>"; };
		E26D35982442619900F5CCF3 /* GoogleService-Info.plist */ = {isa = PBXFileReference; fileEncoding = 4; lastKnownFileType = text.plist.xml; path = "GoogleService-Info.plist"; sourceTree = "<group>"; };
		E26D359A244263B100F5CCF3 /* AuthService.swift */ = {isa = PBXFileReference; lastKnownFileType = sourcecode.swift; path = AuthService.swift; sourceTree = "<group>"; };
		E26D359C244273E700F5CCF3 /* UserService.swift */ = {isa = PBXFileReference; lastKnownFileType = sourcecode.swift; path = UserService.swift; sourceTree = "<group>"; };
		E26D359E2442771D00F5CCF3 /* User.swift */ = {isa = PBXFileReference; lastKnownFileType = sourcecode.swift; path = User.swift; sourceTree = "<group>"; };
		E2BCBF652444498C006C3CA9 /* UploadTweetController.swift */ = {isa = PBXFileReference; lastKnownFileType = sourcecode.swift; path = UploadTweetController.swift; sourceTree = "<group>"; };
		E2BCBF6724445166006C3CA9 /* CaptionTextView.swift */ = {isa = PBXFileReference; lastKnownFileType = sourcecode.swift; path = CaptionTextView.swift; sourceTree = "<group>"; };
		E2BCBF69244455BA006C3CA9 /* TweetService.swift */ = {isa = PBXFileReference; lastKnownFileType = sourcecode.swift; path = TweetService.swift; sourceTree = "<group>"; };
		E2BCBF6B24446602006C3CA9 /* Tweet.swift */ = {isa = PBXFileReference; lastKnownFileType = sourcecode.swift; path = Tweet.swift; sourceTree = "<group>"; };
		E2BCBF6D24446BCA006C3CA9 /* TweetCell.swift */ = {isa = PBXFileReference; lastKnownFileType = sourcecode.swift; path = TweetCell.swift; sourceTree = "<group>"; };
		E2BCBF6F2444986B006C3CA9 /* TweetViewModel.swift */ = {isa = PBXFileReference; lastKnownFileType = sourcecode.swift; path = TweetViewModel.swift; sourceTree = "<group>"; };
		E2BCBF712444A029006C3CA9 /* ProfileController.swift */ = {isa = PBXFileReference; lastKnownFileType = sourcecode.swift; path = ProfileController.swift; sourceTree = "<group>"; };
		E2BCBF732444A5CD006C3CA9 /* ProfileHeader.swift */ = {isa = PBXFileReference; lastKnownFileType = sourcecode.swift; path = ProfileHeader.swift; sourceTree = "<group>"; };
		E75CA1FD5B5A99E2F454D87E /* Pods_TwitterTutorial.framework */ = {isa = PBXFileReference; explicitFileType = wrapper.framework; includeInIndex = 0; path = Pods_TwitterTutorial.framework; sourceTree = BUILT_PRODUCTS_DIR; };
		F2BA315393A9D52D47745F6C /* Pods-TwitterTutorialTests.debug.xcconfig */ = {isa = PBXFileReference; includeInIndex = 1; lastKnownFileType = text.xcconfig; name = "Pods-TwitterTutorialTests.debug.xcconfig"; path = "Target Support Files/Pods-TwitterTutorialTests/Pods-TwitterTutorialTests.debug.xcconfig"; sourceTree = "<group>"; };
/* End PBXFileReference section */

/* Begin PBXFrameworksBuildPhase section */
		E2079EBF24409E6500C4CC7D /* Frameworks */ = {
			isa = PBXFrameworksBuildPhase;
			buildActionMask = 2147483647;
			files = (
				1CABBB8FA72AF6B0E56BEBC7 /* Pods_TwitterTutorial.framework in Frameworks */,
			);
			runOnlyForDeploymentPostprocessing = 0;
		};
		E2079ED524409E6700C4CC7D /* Frameworks */ = {
			isa = PBXFrameworksBuildPhase;
			buildActionMask = 2147483647;
			files = (
				4E4921BF74E87E37BD0DCDBF /* Pods_TwitterTutorialTests.framework in Frameworks */,
			);
			runOnlyForDeploymentPostprocessing = 0;
		};
/* End PBXFrameworksBuildPhase section */

/* Begin PBXGroup section */
		4553B60D965E21FFE29DBF36 /* Frameworks */ = {
			isa = PBXGroup;
			children = (
				E75CA1FD5B5A99E2F454D87E /* Pods_TwitterTutorial.framework */,
				79572733421D052D13B9AE6D /* Pods_TwitterTutorialTests.framework */,
			);
			name = Frameworks;
			sourceTree = "<group>";
		};
		6CD0AFDA1315CBDA6D3776E4 /* Pods */ = {
			isa = PBXGroup;
			children = (
				D7B97C4287071FDEFAF1E1AF /* Pods-TwitterTutorial.debug.xcconfig */,
				570E9DE47ED0EFB83D838048 /* Pods-TwitterTutorial.release.xcconfig */,
				F2BA315393A9D52D47745F6C /* Pods-TwitterTutorialTests.debug.xcconfig */,
				BBF5EA223594AAC49E756262 /* Pods-TwitterTutorialTests.release.xcconfig */,
			);
			path = Pods;
			sourceTree = "<group>";
		};
		E2079EB924409E6500C4CC7D = {
			isa = PBXGroup;
			children = (
				E2079EC424409E6500C4CC7D /* TwitterTutorial */,
				E2079EDB24409E6700C4CC7D /* TwitterTutorialTests */,
				E2079EC324409E6500C4CC7D /* Products */,
				6CD0AFDA1315CBDA6D3776E4 /* Pods */,
				4553B60D965E21FFE29DBF36 /* Frameworks */,
			);
			sourceTree = "<group>";
		};
		E2079EC324409E6500C4CC7D /* Products */ = {
			isa = PBXGroup;
			children = (
				E2079EC224409E6500C4CC7D /* TwitterTutorial.app */,
				E2079ED824409E6700C4CC7D /* TwitterTutorialTests.xctest */,
			);
			name = Products;
			sourceTree = "<group>";
		};
		E2079EC424409E6500C4CC7D /* TwitterTutorial */ = {
			isa = PBXGroup;
			children = (
				E2079EEC24409F0D00C4CC7D /* Model */,
				E2079EEB24409F0B00C4CC7D /* View */,
				E2079EEA24409F0800C4CC7D /* ViewModel */,
				E2079EE924409F0500C4CC7D /* Controller */,
				E2079EE824409F0100C4CC7D /* API */,
				E2079EE724409EED00C4CC7D /* Utils */,
				E2079EC524409E6500C4CC7D /* AppDelegate.swift */,
				E2079EC724409E6500C4CC7D /* SceneDelegate.swift */,
				E2079ECB24409E6500C4CC7D /* Main.storyboard */,
				E2079ECE24409E6600C4CC7D /* Assets.xcassets */,
				E2079ED024409E6600C4CC7D /* LaunchScreen.storyboard */,
				E2079ED324409E6600C4CC7D /* Info.plist */,
				E26D35982442619900F5CCF3 /* GoogleService-Info.plist */,
			);
			path = TwitterTutorial;
			sourceTree = "<group>";
		};
		E2079EDB24409E6700C4CC7D /* TwitterTutorialTests */ = {
			isa = PBXGroup;
			children = (
				E2079EDC24409E6700C4CC7D /* TwitterTutorialTests.swift */,
				E2079EDE24409E6700C4CC7D /* Info.plist */,
			);
			path = TwitterTutorialTests;
			sourceTree = "<group>";
		};
		E2079EE724409EED00C4CC7D /* Utils */ = {
			isa = PBXGroup;
			children = (
				E2079EF72440B03900C4CC7D /* Extensions.swift */,
				E2059AD124410C6800795368 /* Utilities.swift */,
				E26D359624425AF900F5CCF3 /* Constants.swift */,
				E236CF0A2448F9DE00F7C5D7 /* ActionSheetLauncher.swift */,
			);
			path = Utils;
			sourceTree = "<group>";
		};
		E2079EE824409F0100C4CC7D /* API */ = {
			isa = PBXGroup;
			children = (
				E26D359A244263B100F5CCF3 /* AuthService.swift */,
				E26D359C244273E700F5CCF3 /* UserService.swift */,
				E2BCBF69244455BA006C3CA9 /* TweetService.swift */,
			);
			path = API;
			sourceTree = "<group>";
		};
		E2079EE924409F0500C4CC7D /* Controller */ = {
			isa = PBXGroup;
			children = (
				E2079EF92440B4B400C4CC7D /* Authentication */,
				E2079EED2440A00C00C4CC7D /* MainTabController.swift */,
				E2079EEF2440A3BF00C4CC7D /* FeedController.swift */,
				E2079EF12440A3CF00C4CC7D /* ExploreController.swift */,
				E2079EF32440A3DE00C4CC7D /* NotificationsController.swift */,
				E2079EF52440A3ED00C4CC7D /* ConversationsController.swift */,
				E2BCBF652444498C006C3CA9 /* UploadTweetController.swift */,
				E2BCBF712444A029006C3CA9 /* ProfileController.swift */,
				E22A145E244841D6000A7779 /* TweetController.swift */,
			);
			path = Controller;
			sourceTree = "<group>";
		};
		E2079EEA24409F0800C4CC7D /* ViewModel */ = {
			isa = PBXGroup;
			children = (
				E2BCBF6F2444986B006C3CA9 /* TweetViewModel.swift */,
				E24EAF482445143400226159 /* ProfileHeaderViewModel.swift */,
				E236CF082448EB1900F7C5D7 /* UploadTweetViewModel.swift */,
			);
			path = ViewModel;
			sourceTree = "<group>";
		};
		E2079EEB24409F0B00C4CC7D /* View */ = {
			isa = PBXGroup;
			children = (
				E2BCBF6724445166006C3CA9 /* CaptionTextView.swift */,
				E2BCBF6D24446BCA006C3CA9 /* TweetCell.swift */,
				E2BCBF732444A5CD006C3CA9 /* ProfileHeader.swift */,
				E24EAF442445075300226159 /* ProfileFilterView.swift */,
				E24EAF462445091E00226159 /* ProfileFilterCell.swift */,
				E240EB362445F2F400BC0AC3 /* UserCell.swift */,
				E22A14602448438A000A7779 /* TweetHeader.swift */,
				E25BED96244B95B000AB85B1 /* ActionSheetCell.swift */,
			);
			path = View;
			sourceTree = "<group>";
		};
		E2079EEC24409F0D00C4CC7D /* Model */ = {
			isa = PBXGroup;
			children = (
				E26D359E2442771D00F5CCF3 /* User.swift */,
				E2BCBF6B24446602006C3CA9 /* Tweet.swift */,
			);
			path = Model;
			sourceTree = "<group>";
		};
		E2079EF92440B4B400C4CC7D /* Authentication */ = {
			isa = PBXGroup;
			children = (
				E2079EFB2440B51A00C4CC7D /* LoginController.swift */,
				E2079EFD2440B52700C4CC7D /* RegistrationController.swift */,
			);
			path = Authentication;
			sourceTree = "<group>";
		};
/* End PBXGroup section */

/* Begin PBXNativeTarget section */
		E2079EC124409E6500C4CC7D /* TwitterTutorial */ = {
			isa = PBXNativeTarget;
			buildConfigurationList = E2079EE124409E6700C4CC7D /* Build configuration list for PBXNativeTarget "TwitterTutorial" */;
			buildPhases = (
				DC5C903F7967377CEC7D2194 /* [CP] Check Pods Manifest.lock */,
				E2079EBE24409E6500C4CC7D /* Sources */,
				E2079EBF24409E6500C4CC7D /* Frameworks */,
				E2079EC024409E6500C4CC7D /* Resources */,
				70412FFF1B24ACC30203F78A /* [CP] Embed Pods Frameworks */,
			);
			buildRules = (
			);
			dependencies = (
			);
			name = TwitterTutorial;
			productName = TwitterTutorial;
			productReference = E2079EC224409E6500C4CC7D /* TwitterTutorial.app */;
			productType = "com.apple.product-type.application";
		};
		E2079ED724409E6700C4CC7D /* TwitterTutorialTests */ = {
			isa = PBXNativeTarget;
			buildConfigurationList = E2079EE424409E6700C4CC7D /* Build configuration list for PBXNativeTarget "TwitterTutorialTests" */;
			buildPhases = (
				367B3EA8DADB1515B240456C /* [CP] Check Pods Manifest.lock */,
				E2079ED424409E6700C4CC7D /* Sources */,
				E2079ED524409E6700C4CC7D /* Frameworks */,
				E2079ED624409E6700C4CC7D /* Resources */,
			);
			buildRules = (
			);
			dependencies = (
				E2079EDA24409E6700C4CC7D /* PBXTargetDependency */,
			);
			name = TwitterTutorialTests;
			productName = TwitterTutorialTests;
			productReference = E2079ED824409E6700C4CC7D /* TwitterTutorialTests.xctest */;
			productType = "com.apple.product-type.bundle.unit-test";
		};
/* End PBXNativeTarget section */

/* Begin PBXProject section */
		E2079EBA24409E6500C4CC7D /* Project object */ = {
			isa = PBXProject;
			attributes = {
				LastSwiftUpdateCheck = 1130;
				LastUpgradeCheck = 1130;
				ORGANIZATIONNAME = "Oscar Rodriguez Garrucho";
				TargetAttributes = {
					E2079EC124409E6500C4CC7D = {
						CreatedOnToolsVersion = 11.3.1;
					};
					E2079ED724409E6700C4CC7D = {
						CreatedOnToolsVersion = 11.3.1;
						TestTargetID = E2079EC124409E6500C4CC7D;
					};
				};
			};
			buildConfigurationList = E2079EBD24409E6500C4CC7D /* Build configuration list for PBXProject "TwitterTutorial" */;
			compatibilityVersion = "Xcode 9.3";
			developmentRegion = en;
			hasScannedForEncodings = 0;
			knownRegions = (
				en,
				Base,
			);
			mainGroup = E2079EB924409E6500C4CC7D;
			productRefGroup = E2079EC324409E6500C4CC7D /* Products */;
			projectDirPath = "";
			projectRoot = "";
			targets = (
				E2079EC124409E6500C4CC7D /* TwitterTutorial */,
				E2079ED724409E6700C4CC7D /* TwitterTutorialTests */,
			);
		};
/* End PBXProject section */

/* Begin PBXResourcesBuildPhase section */
		E2079EC024409E6500C4CC7D /* Resources */ = {
			isa = PBXResourcesBuildPhase;
			buildActionMask = 2147483647;
			files = (
				E2079ED224409E6600C4CC7D /* LaunchScreen.storyboard in Resources */,
				E26D35992442619900F5CCF3 /* GoogleService-Info.plist in Resources */,
				E2079ECF24409E6600C4CC7D /* Assets.xcassets in Resources */,
				E2079ECD24409E6500C4CC7D /* Main.storyboard in Resources */,
			);
			runOnlyForDeploymentPostprocessing = 0;
		};
		E2079ED624409E6700C4CC7D /* Resources */ = {
			isa = PBXResourcesBuildPhase;
			buildActionMask = 2147483647;
			files = (
			);
			runOnlyForDeploymentPostprocessing = 0;
		};
/* End PBXResourcesBuildPhase section */

/* Begin PBXShellScriptBuildPhase section */
		367B3EA8DADB1515B240456C /* [CP] Check Pods Manifest.lock */ = {
			isa = PBXShellScriptBuildPhase;
			buildActionMask = 2147483647;
			files = (
			);
			inputFileListPaths = (
			);
			inputPaths = (
				"${PODS_PODFILE_DIR_PATH}/Podfile.lock",
				"${PODS_ROOT}/Manifest.lock",
			);
			name = "[CP] Check Pods Manifest.lock";
			outputFileListPaths = (
			);
			outputPaths = (
				"$(DERIVED_FILE_DIR)/Pods-TwitterTutorialTests-checkManifestLockResult.txt",
			);
			runOnlyForDeploymentPostprocessing = 0;
			shellPath = /bin/sh;
			shellScript = "diff \"${PODS_PODFILE_DIR_PATH}/Podfile.lock\" \"${PODS_ROOT}/Manifest.lock\" > /dev/null\nif [ $? != 0 ] ; then\n    # print error to STDERR\n    echo \"error: The sandbox is not in sync with the Podfile.lock. Run 'pod install' or update your CocoaPods installation.\" >&2\n    exit 1\nfi\n# This output is used by Xcode 'outputs' to avoid re-running this script phase.\necho \"SUCCESS\" > \"${SCRIPT_OUTPUT_FILE_0}\"\n";
			showEnvVarsInLog = 0;
		};
		70412FFF1B24ACC30203F78A /* [CP] Embed Pods Frameworks */ = {
			isa = PBXShellScriptBuildPhase;
			buildActionMask = 2147483647;
			files = (
			);
			inputFileListPaths = (
				"${PODS_ROOT}/Target Support Files/Pods-TwitterTutorial/Pods-TwitterTutorial-frameworks-${CONFIGURATION}-input-files.xcfilelist",
			);
			name = "[CP] Embed Pods Frameworks";
			outputFileListPaths = (
				"${PODS_ROOT}/Target Support Files/Pods-TwitterTutorial/Pods-TwitterTutorial-frameworks-${CONFIGURATION}-output-files.xcfilelist",
			);
			runOnlyForDeploymentPostprocessing = 0;
			shellPath = /bin/sh;
			shellScript = "\"${PODS_ROOT}/Target Support Files/Pods-TwitterTutorial/Pods-TwitterTutorial-frameworks.sh\"\n";
			showEnvVarsInLog = 0;
		};
		DC5C903F7967377CEC7D2194 /* [CP] Check Pods Manifest.lock */ = {
			isa = PBXShellScriptBuildPhase;
			buildActionMask = 2147483647;
			files = (
			);
			inputFileListPaths = (
			);
			inputPaths = (
				"${PODS_PODFILE_DIR_PATH}/Podfile.lock",
				"${PODS_ROOT}/Manifest.lock",
			);
			name = "[CP] Check Pods Manifest.lock";
			outputFileListPaths = (
			);
			outputPaths = (
				"$(DERIVED_FILE_DIR)/Pods-TwitterTutorial-checkManifestLockResult.txt",
			);
			runOnlyForDeploymentPostprocessing = 0;
			shellPath = /bin/sh;
			shellScript = "diff \"${PODS_PODFILE_DIR_PATH}/Podfile.lock\" \"${PODS_ROOT}/Manifest.lock\" > /dev/null\nif [ $? != 0 ] ; then\n    # print error to STDERR\n    echo \"error: The sandbox is not in sync with the Podfile.lock. Run 'pod install' or update your CocoaPods installation.\" >&2\n    exit 1\nfi\n# This output is used by Xcode 'outputs' to avoid re-running this script phase.\necho \"SUCCESS\" > \"${SCRIPT_OUTPUT_FILE_0}\"\n";
			showEnvVarsInLog = 0;
		};
/* End PBXShellScriptBuildPhase section */

/* Begin PBXSourcesBuildPhase section */
		E2079EBE24409E6500C4CC7D /* Sources */ = {
			isa = PBXSourcesBuildPhase;
			buildActionMask = 2147483647;
			files = (
				E26D359D244273E700F5CCF3 /* UserService.swift in Sources */,
				E2079EF42440A3DE00C4CC7D /* NotificationsController.swift in Sources */,
				E2BCBF6824445166006C3CA9 /* CaptionTextView.swift in Sources */,
				E24EAF472445091E00226159 /* ProfileFilterCell.swift in Sources */,
				E2079EF62440A3ED00C4CC7D /* ConversationsController.swift in Sources */,
				E240EB372445F2F400BC0AC3 /* UserCell.swift in Sources */,
				E2059AD224410C6800795368 /* Utilities.swift in Sources */,
				E25BED97244B95B000AB85B1 /* ActionSheetCell.swift in Sources */,
				E2079EC624409E6500C4CC7D /* AppDelegate.swift in Sources */,
				E2079EF82440B03900C4CC7D /* Extensions.swift in Sources */,
				E22A145F244841D6000A7779 /* TweetController.swift in Sources */,
				E2BCBF722444A029006C3CA9 /* ProfileController.swift in Sources */,
				E236CF092448EB1900F7C5D7 /* UploadTweetViewModel.swift in Sources */,
				E2BCBF742444A5CD006C3CA9 /* ProfileHeader.swift in Sources */,
				E2BCBF6E24446BCA006C3CA9 /* TweetCell.swift in Sources */,
				E2079EFC2440B51A00C4CC7D /* LoginController.swift in Sources */,
				E26D359B244263B100F5CCF3 /* AuthService.swift in Sources */,
				E2BCBF662444498C006C3CA9 /* UploadTweetController.swift in Sources */,
				E26D359F2442771D00F5CCF3 /* User.swift in Sources */,
				E2079EF22440A3CF00C4CC7D /* ExploreController.swift in Sources */,
				E2079EC824409E6500C4CC7D /* SceneDelegate.swift in Sources */,
				E2079EEE2440A00C00C4CC7D /* MainTabController.swift in Sources */,
				E2BCBF702444986B006C3CA9 /* TweetViewModel.swift in Sources */,
				E22A14612448438A000A7779 /* TweetHeader.swift in Sources */,
				E2079EFE2440B52700C4CC7D /* RegistrationController.swift in Sources */,
				E2079EF02440A3BF00C4CC7D /* FeedController.swift in Sources */,
				E24EAF452445075300226159 /* ProfileFilterView.swift in Sources */,
				E26D359724425AF900F5CCF3 /* Constants.swift in Sources */,
				E24EAF492445143400226159 /* ProfileHeaderViewModel.swift in Sources */,
				E236CF0B2448F9DE00F7C5D7 /* ActionSheetLauncher.swift in Sources */,
				E2BCBF6C24446602006C3CA9 /* Tweet.swift in Sources */,
				E2BCBF6A244455BA006C3CA9 /* TweetService.swift in Sources */,
			);
			runOnlyForDeploymentPostprocessing = 0;
		};
		E2079ED424409E6700C4CC7D /* Sources */ = {
			isa = PBXSourcesBuildPhase;
			buildActionMask = 2147483647;
			files = (
				E2079EDD24409E6700C4CC7D /* TwitterTutorialTests.swift in Sources */,
			);
			runOnlyForDeploymentPostprocessing = 0;
		};
/* End PBXSourcesBuildPhase section */

/* Begin PBXTargetDependency section */
		E2079EDA24409E6700C4CC7D /* PBXTargetDependency */ = {
			isa = PBXTargetDependency;
			target = E2079EC124409E6500C4CC7D /* TwitterTutorial */;
			targetProxy = E2079ED924409E6700C4CC7D /* PBXContainerItemProxy */;
		};
/* End PBXTargetDependency section */

/* Begin PBXVariantGroup section */
		E2079ECB24409E6500C4CC7D /* Main.storyboard */ = {
			isa = PBXVariantGroup;
			children = (
				E2079ECC24409E6500C4CC7D /* Base */,
			);
			name = Main.storyboard;
			sourceTree = "<group>";
		};
		E2079ED024409E6600C4CC7D /* LaunchScreen.storyboard */ = {
			isa = PBXVariantGroup;
			children = (
				E2079ED124409E6600C4CC7D /* Base */,
			);
			name = LaunchScreen.storyboard;
			sourceTree = "<group>";
		};
/* End PBXVariantGroup section */

/* Begin XCBuildConfiguration section */
		E2079EDF24409E6700C4CC7D /* Debug */ = {
			isa = XCBuildConfiguration;
			buildSettings = {
				ALWAYS_SEARCH_USER_PATHS = NO;
				CLANG_ANALYZER_NONNULL = YES;
				CLANG_ANALYZER_NUMBER_OBJECT_CONVERSION = YES_AGGRESSIVE;
				CLANG_CXX_LANGUAGE_STANDARD = "gnu++14";
				CLANG_CXX_LIBRARY = "libc++";
				CLANG_ENABLE_MODULES = YES;
				CLANG_ENABLE_OBJC_ARC = YES;
				CLANG_ENABLE_OBJC_WEAK = YES;
				CLANG_WARN_BLOCK_CAPTURE_AUTORELEASING = YES;
				CLANG_WARN_BOOL_CONVERSION = YES;
				CLANG_WARN_COMMA = YES;
				CLANG_WARN_CONSTANT_CONVERSION = YES;
				CLANG_WARN_DEPRECATED_OBJC_IMPLEMENTATIONS = YES;
				CLANG_WARN_DIRECT_OBJC_ISA_USAGE = YES_ERROR;
				CLANG_WARN_DOCUMENTATION_COMMENTS = YES;
				CLANG_WARN_EMPTY_BODY = YES;
				CLANG_WARN_ENUM_CONVERSION = YES;
				CLANG_WARN_INFINITE_RECURSION = YES;
				CLANG_WARN_INT_CONVERSION = YES;
				CLANG_WARN_NON_LITERAL_NULL_CONVERSION = YES;
				CLANG_WARN_OBJC_IMPLICIT_RETAIN_SELF = YES;
				CLANG_WARN_OBJC_LITERAL_CONVERSION = YES;
				CLANG_WARN_OBJC_ROOT_CLASS = YES_ERROR;
				CLANG_WARN_RANGE_LOOP_ANALYSIS = YES;
				CLANG_WARN_STRICT_PROTOTYPES = YES;
				CLANG_WARN_SUSPICIOUS_MOVE = YES;
				CLANG_WARN_UNGUARDED_AVAILABILITY = YES_AGGRESSIVE;
				CLANG_WARN_UNREACHABLE_CODE = YES;
				CLANG_WARN__DUPLICATE_METHOD_MATCH = YES;
				COPY_PHASE_STRIP = NO;
				DEBUG_INFORMATION_FORMAT = dwarf;
				ENABLE_STRICT_OBJC_MSGSEND = YES;
				ENABLE_TESTABILITY = YES;
				GCC_C_LANGUAGE_STANDARD = gnu11;
				GCC_DYNAMIC_NO_PIC = NO;
				GCC_NO_COMMON_BLOCKS = YES;
				GCC_OPTIMIZATION_LEVEL = 0;
				GCC_PREPROCESSOR_DEFINITIONS = (
					"DEBUG=1",
					"$(inherited)",
				);
				GCC_WARN_64_TO_32_BIT_CONVERSION = YES;
				GCC_WARN_ABOUT_RETURN_TYPE = YES_ERROR;
				GCC_WARN_UNDECLARED_SELECTOR = YES;
				GCC_WARN_UNINITIALIZED_AUTOS = YES_AGGRESSIVE;
				GCC_WARN_UNUSED_FUNCTION = YES;
				GCC_WARN_UNUSED_VARIABLE = YES;
				IPHONEOS_DEPLOYMENT_TARGET = 13.2;
				MTL_ENABLE_DEBUG_INFO = INCLUDE_SOURCE;
				MTL_FAST_MATH = YES;
				ONLY_ACTIVE_ARCH = YES;
				SDKROOT = iphoneos;
				SWIFT_ACTIVE_COMPILATION_CONDITIONS = DEBUG;
				SWIFT_OPTIMIZATION_LEVEL = "-Onone";
			};
			name = Debug;
		};
		E2079EE024409E6700C4CC7D /* Release */ = {
			isa = XCBuildConfiguration;
			buildSettings = {
				ALWAYS_SEARCH_USER_PATHS = NO;
				CLANG_ANALYZER_NONNULL = YES;
				CLANG_ANALYZER_NUMBER_OBJECT_CONVERSION = YES_AGGRESSIVE;
				CLANG_CXX_LANGUAGE_STANDARD = "gnu++14";
				CLANG_CXX_LIBRARY = "libc++";
				CLANG_ENABLE_MODULES = YES;
				CLANG_ENABLE_OBJC_ARC = YES;
				CLANG_ENABLE_OBJC_WEAK = YES;
				CLANG_WARN_BLOCK_CAPTURE_AUTORELEASING = YES;
				CLANG_WARN_BOOL_CONVERSION = YES;
				CLANG_WARN_COMMA = YES;
				CLANG_WARN_CONSTANT_CONVERSION = YES;
				CLANG_WARN_DEPRECATED_OBJC_IMPLEMENTATIONS = YES;
				CLANG_WARN_DIRECT_OBJC_ISA_USAGE = YES_ERROR;
				CLANG_WARN_DOCUMENTATION_COMMENTS = YES;
				CLANG_WARN_EMPTY_BODY = YES;
				CLANG_WARN_ENUM_CONVERSION = YES;
				CLANG_WARN_INFINITE_RECURSION = YES;
				CLANG_WARN_INT_CONVERSION = YES;
				CLANG_WARN_NON_LITERAL_NULL_CONVERSION = YES;
				CLANG_WARN_OBJC_IMPLICIT_RETAIN_SELF = YES;
				CLANG_WARN_OBJC_LITERAL_CONVERSION = YES;
				CLANG_WARN_OBJC_ROOT_CLASS = YES_ERROR;
				CLANG_WARN_RANGE_LOOP_ANALYSIS = YES;
				CLANG_WARN_STRICT_PROTOTYPES = YES;
				CLANG_WARN_SUSPICIOUS_MOVE = YES;
				CLANG_WARN_UNGUARDED_AVAILABILITY = YES_AGGRESSIVE;
				CLANG_WARN_UNREACHABLE_CODE = YES;
				CLANG_WARN__DUPLICATE_METHOD_MATCH = YES;
				COPY_PHASE_STRIP = NO;
				DEBUG_INFORMATION_FORMAT = "dwarf-with-dsym";
				ENABLE_NS_ASSERTIONS = NO;
				ENABLE_STRICT_OBJC_MSGSEND = YES;
				GCC_C_LANGUAGE_STANDARD = gnu11;
				GCC_NO_COMMON_BLOCKS = YES;
				GCC_WARN_64_TO_32_BIT_CONVERSION = YES;
				GCC_WARN_ABOUT_RETURN_TYPE = YES_ERROR;
				GCC_WARN_UNDECLARED_SELECTOR = YES;
				GCC_WARN_UNINITIALIZED_AUTOS = YES_AGGRESSIVE;
				GCC_WARN_UNUSED_FUNCTION = YES;
				GCC_WARN_UNUSED_VARIABLE = YES;
				IPHONEOS_DEPLOYMENT_TARGET = 13.2;
				MTL_ENABLE_DEBUG_INFO = NO;
				MTL_FAST_MATH = YES;
				SDKROOT = iphoneos;
				SWIFT_COMPILATION_MODE = wholemodule;
				SWIFT_OPTIMIZATION_LEVEL = "-O";
				VALIDATE_PRODUCT = YES;
			};
			name = Release;
		};
		E2079EE224409E6700C4CC7D /* Debug */ = {
			isa = XCBuildConfiguration;
			baseConfigurationReference = D7B97C4287071FDEFAF1E1AF /* Pods-TwitterTutorial.debug.xcconfig */;
			buildSettings = {
				ASSETCATALOG_COMPILER_APPICON_NAME = AppIcon;
				CODE_SIGN_STYLE = Automatic;
				DEVELOPMENT_TEAM = 934NVR3K3Z;
				INFOPLIST_FILE = TwitterTutorial/Info.plist;
				LD_RUNPATH_SEARCH_PATHS = (
					"$(inherited)",
					"@executable_path/Frameworks",
				);
				PRODUCT_BUNDLE_IDENTIFIER = com.oscargarrucho.TwitterTutorial;
				PRODUCT_NAME = "$(TARGET_NAME)";
				SWIFT_VERSION = 5.0;
				TARGETED_DEVICE_FAMILY = "1,2";
			};
			name = Debug;
		};
		E2079EE324409E6700C4CC7D /* Release */ = {
			isa = XCBuildConfiguration;
			baseConfigurationReference = 570E9DE47ED0EFB83D838048 /* Pods-TwitterTutorial.release.xcconfig */;
			buildSettings = {
				ASSETCATALOG_COMPILER_APPICON_NAME = AppIcon;
				CODE_SIGN_STYLE = Automatic;
				DEVELOPMENT_TEAM = 934NVR3K3Z;
				INFOPLIST_FILE = TwitterTutorial/Info.plist;
				LD_RUNPATH_SEARCH_PATHS = (
					"$(inherited)",
					"@executable_path/Frameworks",
				);
				PRODUCT_BUNDLE_IDENTIFIER = com.oscargarrucho.TwitterTutorial;
				PRODUCT_NAME = "$(TARGET_NAME)";
				SWIFT_VERSION = 5.0;
				TARGETED_DEVICE_FAMILY = "1,2";
			};
			name = Release;
		};
		E2079EE524409E6700C4CC7D /* Debug */ = {
			isa = XCBuildConfiguration;
			baseConfigurationReference = F2BA315393A9D52D47745F6C /* Pods-TwitterTutorialTests.debug.xcconfig */;
			buildSettings = {
				ALWAYS_EMBED_SWIFT_STANDARD_LIBRARIES = YES;
				BUNDLE_LOADER = "$(TEST_HOST)";
				CODE_SIGN_STYLE = Automatic;
				DEVELOPMENT_TEAM = 934NVR3K3Z;
				INFOPLIST_FILE = TwitterTutorialTests/Info.plist;
				IPHONEOS_DEPLOYMENT_TARGET = 13.2;
				LD_RUNPATH_SEARCH_PATHS = (
					"$(inherited)",
					"@executable_path/Frameworks",
					"@loader_path/Frameworks",
				);
				PRODUCT_BUNDLE_IDENTIFIER = com.oscargarrucho.TwitterTutorialTests;
				PRODUCT_NAME = "$(TARGET_NAME)";
				SWIFT_VERSION = 5.0;
				TARGETED_DEVICE_FAMILY = "1,2";
				TEST_HOST = "$(BUILT_PRODUCTS_DIR)/TwitterTutorial.app/TwitterTutorial";
			};
			name = Debug;
		};
		E2079EE624409E6700C4CC7D /* Release */ = {
			isa = XCBuildConfiguration;
			baseConfigurationReference = BBF5EA223594AAC49E756262 /* Pods-TwitterTutorialTests.release.xcconfig */;
			buildSettings = {
				ALWAYS_EMBED_SWIFT_STANDARD_LIBRARIES = YES;
				BUNDLE_LOADER = "$(TEST_HOST)";
				CODE_SIGN_STYLE = Automatic;
				DEVELOPMENT_TEAM = 934NVR3K3Z;
				INFOPLIST_FILE = TwitterTutorialTests/Info.plist;
				IPHONEOS_DEPLOYMENT_TARGET = 13.2;
				LD_RUNPATH_SEARCH_PATHS = (
					"$(inherited)",
					"@executable_path/Frameworks",
					"@loader_path/Frameworks",
				);
				PRODUCT_BUNDLE_IDENTIFIER = com.oscargarrucho.TwitterTutorialTests;
				PRODUCT_NAME = "$(TARGET_NAME)";
				SWIFT_VERSION = 5.0;
				TARGETED_DEVICE_FAMILY = "1,2";
				TEST_HOST = "$(BUILT_PRODUCTS_DIR)/TwitterTutorial.app/TwitterTutorial";
			};
			name = Release;
		};
/* End XCBuildConfiguration section */

/* Begin XCConfigurationList section */
		E2079EBD24409E6500C4CC7D /* Build configuration list for PBXProject "TwitterTutorial" */ = {
			isa = XCConfigurationList;
			buildConfigurations = (
				E2079EDF24409E6700C4CC7D /* Debug */,
				E2079EE024409E6700C4CC7D /* Release */,
			);
			defaultConfigurationIsVisible = 0;
			defaultConfigurationName = Release;
		};
		E2079EE124409E6700C4CC7D /* Build configuration list for PBXNativeTarget "TwitterTutorial" */ = {
			isa = XCConfigurationList;
			buildConfigurations = (
				E2079EE224409E6700C4CC7D /* Debug */,
				E2079EE324409E6700C4CC7D /* Release */,
			);
			defaultConfigurationIsVisible = 0;
			defaultConfigurationName = Release;
		};
		E2079EE424409E6700C4CC7D /* Build configuration list for PBXNativeTarget "TwitterTutorialTests" */ = {
			isa = XCConfigurationList;
			buildConfigurations = (
				E2079EE524409E6700C4CC7D /* Debug */,
				E2079EE624409E6700C4CC7D /* Release */,
			);
			defaultConfigurationIsVisible = 0;
			defaultConfigurationName = Release;
		};
/* End XCConfigurationList section */
	};
	rootObject = E2079EBA24409E6500C4CC7D /* Project object */;
}
